
Microsoft Visual Studio Solution File, Format Version 12.00
# Visual Studio Version 17
VisualStudioVersion = 17.3.32922.545
MinimumVisualStudioVersion = 10.0.40219.1
Project("{FAE04EC0-301F-11D3-BF4B-00C04F79EFBC}") = "PracticeLinq", "PracticeLinq\PracticeLinq.csproj", "{81CA529A-8A4B-4E68-8C87-F818F01ECFF8}"
EndProject
Global
	GlobalSection(SolutionConfigurationPlatforms) = preSolution
		Debug|Any CPU = Debug|Any CPU
		Release|Any CPU = Release|Any CPU
	EndGlobalSection
	GlobalSection(ProjectConfigurationPlatforms) = postSolution
		{81CA529A-8A4B-4E68-8C87-F818F01ECFF8}.Debug|Any CPU.ActiveCfg = Debug|Any CPU
		{81CA529A-8A4B-4E68-8C87-F818F01ECFF8}.Debug|Any CPU.Build.0 = Debug|Any CPU
		{81CA529A-8A4B-4E68-8C87-F818F01ECFF8}.Release|Any CPU.ActiveCfg = Release|Any CPU
		{81CA529A-8A4B-4E68-8C87-F818F01ECFF8}.Release|Any CPU.Build.0 = Release|Any CPU
	EndGlobalSection
	GlobalSection(SolutionProperties) = preSolution
		HideSolutionNode = FALSE
	EndGlobalSection
	GlobalSection(ExtensibilityGlobals) = postSolution
		SolutionGuid = {CB0E6AAD-CCB6-461C-BA11-ACF8893EC65D}
	EndGlobalSection
EndGlobal
